// !$*UTF8*$!
{
	archiveVersion = 1;
	classes = {
	};
	objectVersion = 52;
	objects = {

/* Begin PBXBuildFile section */
		19080D5B26D0197900465EDC /* Placeholder.swift in Sources */ = {isa = PBXBuildFile; fileRef = 19080D5A26D0197900465EDC /* Placeholder.swift */; };
		19080D5C26D0197900465EDC /* Placeholder.swift in Sources */ = {isa = PBXBuildFile; fileRef = 19080D5A26D0197900465EDC /* Placeholder.swift */; };
		19080D6226D07FFE00465EDC /* ActivityIndicator.swift in Sources */ = {isa = PBXBuildFile; fileRef = 19080D6126D07FFD00465EDC /* ActivityIndicator.swift */; };
		19080D6326D07FFE00465EDC /* ActivityIndicator.swift in Sources */ = {isa = PBXBuildFile; fileRef = 19080D6126D07FFD00465EDC /* ActivityIndicator.swift */; };
		8A1A2A7D25F14105005F6BCA /* NavigationBarColorChange.swift in Sources */ = {isa = PBXBuildFile; fileRef = 8A1A2A7C25F14105005F6BCA /* NavigationBarColorChange.swift */; };
		8A1A2A7E25F14105005F6BCA /* NavigationBarColorChange.swift in Sources */ = {isa = PBXBuildFile; fileRef = 8A1A2A7C25F14105005F6BCA /* NavigationBarColorChange.swift */; };
		8A1A2A8B25F18982005F6BCA /* ArtistDetailView.swift in Sources */ = {isa = PBXBuildFile; fileRef = 8A1A2A8A25F18982005F6BCA /* ArtistDetailView.swift */; };
		8A1A2A8C25F18982005F6BCA /* ArtistDetailView.swift in Sources */ = {isa = PBXBuildFile; fileRef = 8A1A2A8A25F18982005F6BCA /* ArtistDetailView.swift */; };
		8A1A2A9C25F324FA005F6BCA /* LCSArtCommunityView.swift in Sources */ = {isa = PBXBuildFile; fileRef = 8A1A2A9B25F324FA005F6BCA /* LCSArtCommunityView.swift */; };
		8A1A2A9D25F324FA005F6BCA /* LCSArtCommunityView.swift in Sources */ = {isa = PBXBuildFile; fileRef = 8A1A2A9B25F324FA005F6BCA /* LCSArtCommunityView.swift */; };
		8A27AB5B2659404E0084CCE6 /* ArtHistoryView.swift in Sources */ = {isa = PBXBuildFile; fileRef = 8A27AB5A2659404E0084CCE6 /* ArtHistoryView.swift */; };
		8A27AB5C2659404E0084CCE6 /* ArtHistoryView.swift in Sources */ = {isa = PBXBuildFile; fileRef = 8A27AB5A2659404E0084CCE6 /* ArtHistoryView.swift */; };
		8A27ABD3265A0D820084CCE6 /* CDSideMenuViewModifiers.swift in Sources */ = {isa = PBXBuildFile; fileRef = 8A27ABC2265A0D810084CCE6 /* CDSideMenuViewModifiers.swift */; };
		8A27ABD4265A0D820084CCE6 /* CDSideMenuViewModifiers.swift in Sources */ = {isa = PBXBuildFile; fileRef = 8A27ABC2265A0D810084CCE6 /* CDSideMenuViewModifiers.swift */; };
		8A27ABD5265A0D820084CCE6 /* CDViewsModifier.swift in Sources */ = {isa = PBXBuildFile; fileRef = 8A27ABC3265A0D810084CCE6 /* CDViewsModifier.swift */; };
		8A27ABD6265A0D820084CCE6 /* CDViewsModifier.swift in Sources */ = {isa = PBXBuildFile; fileRef = 8A27ABC3265A0D810084CCE6 /* CDViewsModifier.swift */; };
		8A27ABD7265A0D820084CCE6 /* CDSideMenuNotification.swift in Sources */ = {isa = PBXBuildFile; fileRef = 8A27ABC5265A0D810084CCE6 /* CDSideMenuNotification.swift */; };
		8A27ABD8265A0D820084CCE6 /* CDSideMenuNotification.swift in Sources */ = {isa = PBXBuildFile; fileRef = 8A27ABC5265A0D810084CCE6 /* CDSideMenuNotification.swift */; };
		8A27ABD9265A0D820084CCE6 /* CDSideMenuConfiguration.swift in Sources */ = {isa = PBXBuildFile; fileRef = 8A27ABC6265A0D810084CCE6 /* CDSideMenuConfiguration.swift */; };
		8A27ABDA265A0D820084CCE6 /* CDSideMenuConfiguration.swift in Sources */ = {isa = PBXBuildFile; fileRef = 8A27ABC6265A0D810084CCE6 /* CDSideMenuConfiguration.swift */; };
		8A27ABDB265A0D820084CCE6 /* CDSideMenuItem.swift in Sources */ = {isa = PBXBuildFile; fileRef = 8A27ABC7265A0D810084CCE6 /* CDSideMenuItem.swift */; };
		8A27ABDC265A0D820084CCE6 /* CDSideMenuItem.swift in Sources */ = {isa = PBXBuildFile; fileRef = 8A27ABC7265A0D810084CCE6 /* CDSideMenuItem.swift */; };
		8A27ABDD265A0D820084CCE6 /* CDUserData.swift in Sources */ = {isa = PBXBuildFile; fileRef = 8A27ABC8265A0D810084CCE6 /* CDUserData.swift */; };
		8A27ABDE265A0D820084CCE6 /* CDUserData.swift in Sources */ = {isa = PBXBuildFile; fileRef = 8A27ABC8265A0D810084CCE6 /* CDUserData.swift */; };
		8A27ABDF265A0D820084CCE6 /* String.swift in Sources */ = {isa = PBXBuildFile; fileRef = 8A27ABCA265A0D810084CCE6 /* String.swift */; };
		8A27ABE0265A0D820084CCE6 /* String.swift in Sources */ = {isa = PBXBuildFile; fileRef = 8A27ABCA265A0D810084CCE6 /* String.swift */; };
		8A27ABE1265A0D820084CCE6 /* Color.swift in Sources */ = {isa = PBXBuildFile; fileRef = 8A27ABCB265A0D810084CCE6 /* Color.swift */; };
		8A27ABE2265A0D820084CCE6 /* Color.swift in Sources */ = {isa = PBXBuildFile; fileRef = 8A27ABCB265A0D810084CCE6 /* Color.swift */; };
		8A27ABE3265A0D820084CCE6 /* CDSideMenuRow.swift in Sources */ = {isa = PBXBuildFile; fileRef = 8A27ABCD265A0D810084CCE6 /* CDSideMenuRow.swift */; };
		8A27ABE4265A0D820084CCE6 /* CDSideMenuRow.swift in Sources */ = {isa = PBXBuildFile; fileRef = 8A27ABCD265A0D810084CCE6 /* CDSideMenuRow.swift */; };
		8A27ABE5265A0D820084CCE6 /* CDSideMenuButton.swift in Sources */ = {isa = PBXBuildFile; fileRef = 8A27ABCE265A0D810084CCE6 /* CDSideMenuButton.swift */; };
		8A27ABE6265A0D820084CCE6 /* CDSideMenuButton.swift in Sources */ = {isa = PBXBuildFile; fileRef = 8A27ABCE265A0D810084CCE6 /* CDSideMenuButton.swift */; };
		8A27ABE7265A0D820084CCE6 /* CDSideMenuAccountView.swift in Sources */ = {isa = PBXBuildFile; fileRef = 8A27ABCF265A0D810084CCE6 /* CDSideMenuAccountView.swift */; };
		8A27ABE8265A0D820084CCE6 /* CDSideMenuAccountView.swift in Sources */ = {isa = PBXBuildFile; fileRef = 8A27ABCF265A0D810084CCE6 /* CDSideMenuAccountView.swift */; };
		8A27ABE9265A0D820084CCE6 /* CDSideMenuItemList.swift in Sources */ = {isa = PBXBuildFile; fileRef = 8A27ABD0265A0D810084CCE6 /* CDSideMenuItemList.swift */; };
		8A27ABEA265A0D820084CCE6 /* CDSideMenuItemList.swift in Sources */ = {isa = PBXBuildFile; fileRef = 8A27ABD0265A0D810084CCE6 /* CDSideMenuItemList.swift */; };
		8A27ABEB265A0D820084CCE6 /* CDSideMenuView.swift in Sources */ = {isa = PBXBuildFile; fileRef = 8A27ABD1265A0D810084CCE6 /* CDSideMenuView.swift */; };
		8A27ABEC265A0D820084CCE6 /* CDSideMenuView.swift in Sources */ = {isa = PBXBuildFile; fileRef = 8A27ABD1265A0D810084CCE6 /* CDSideMenuView.swift */; };
		8A27ABED265A0D820084CCE6 /* CDSideMenuMainView.swift in Sources */ = {isa = PBXBuildFile; fileRef = 8A27ABD2265A0D810084CCE6 /* CDSideMenuMainView.swift */; };
		8A27ABEE265A0D820084CCE6 /* CDSideMenuMainView.swift in Sources */ = {isa = PBXBuildFile; fileRef = 8A27ABD2265A0D810084CCE6 /* CDSideMenuMainView.swift */; };
		8A42FEFF25C0550500829CBC /* VirtualGalleryApp.swift in Sources */ = {isa = PBXBuildFile; fileRef = 8A42FEEC25C0550000829CBC /* VirtualGalleryApp.swift */; };
		8A42FF0025C0550500829CBC /* VirtualGalleryApp.swift in Sources */ = {isa = PBXBuildFile; fileRef = 8A42FEEC25C0550000829CBC /* VirtualGalleryApp.swift */; };
		8A42FF0325C0550500829CBC /* Assets.xcassets in Resources */ = {isa = PBXBuildFile; fileRef = 8A42FEEE25C0550500829CBC /* Assets.xcassets */; };
		8A42FF0425C0550500829CBC /* Assets.xcassets in Resources */ = {isa = PBXBuildFile; fileRef = 8A42FEEE25C0550500829CBC /* Assets.xcassets */; };
		8A42FF1D25C0570300829CBC /* Artwork.swift in Sources */ = {isa = PBXBuildFile; fileRef = 8A42FF1C25C0570300829CBC /* Artwork.swift */; };
		8A42FF1E25C0570300829CBC /* Artwork.swift in Sources */ = {isa = PBXBuildFile; fileRef = 8A42FF1C25C0570300829CBC /* Artwork.swift */; };
		8A42FF2925C0596600829CBC /* ArtworkDetail.swift in Sources */ = {isa = PBXBuildFile; fileRef = 8A42FF2825C0596600829CBC /* ArtworkDetail.swift */; };
		8A42FF2A25C0596600829CBC /* ArtworkDetail.swift in Sources */ = {isa = PBXBuildFile; fileRef = 8A42FF2825C0596600829CBC /* ArtworkDetail.swift */; };
		8A42FF3025C05C4500829CBC /* ArtworkStore.swift in Sources */ = {isa = PBXBuildFile; fileRef = 8A42FF2F25C05C4500829CBC /* ArtworkStore.swift */; };
		8A42FF3125C05C4500829CBC /* ArtworkStore.swift in Sources */ = {isa = PBXBuildFile; fileRef = 8A42FF2F25C05C4500829CBC /* ArtworkStore.swift */; };
		8A42FF3F25C3A3F200829CBC /* ArtworksList.swift in Sources */ = {isa = PBXBuildFile; fileRef = 8A42FF3E25C3A3F200829CBC /* ArtworksList.swift */; };
		8A42FF4025C3A3F300829CBC /* ArtworksList.swift in Sources */ = {isa = PBXBuildFile; fileRef = 8A42FF3E25C3A3F200829CBC /* ArtworksList.swift */; };
		8A42FF4A25C4A15100829CBC /* WorldMap.swift in Sources */ = {isa = PBXBuildFile; fileRef = 8A42FF4925C4A15100829CBC /* WorldMap.swift */; };
		8A42FF4B25C4A15100829CBC /* WorldMap.swift in Sources */ = {isa = PBXBuildFile; fileRef = 8A42FF4925C4A15100829CBC /* WorldMap.swift */; };
		8A52CD7025EDC30A006B6A3D /* ArtistsList.swift in Sources */ = {isa = PBXBuildFile; fileRef = 8A52CD6F25EDC30A006B6A3D /* ArtistsList.swift */; };
		8A52CD7125EDC30A006B6A3D /* ArtistsList.swift in Sources */ = {isa = PBXBuildFile; fileRef = 8A52CD6F25EDC30A006B6A3D /* ArtistsList.swift */; };
		8A52CD8225F06792006B6A3D /* Artist.swift in Sources */ = {isa = PBXBuildFile; fileRef = 8A52CD8125F06791006B6A3D /* Artist.swift */; };
		8A52CD8325F06792006B6A3D /* Artist.swift in Sources */ = {isa = PBXBuildFile; fileRef = 8A52CD8125F06791006B6A3D /* Artist.swift */; };
		8A7E667726634D0F00BE054E /* PostModernPrinciples.swift in Sources */ = {isa = PBXBuildFile; fileRef = 8A7E667626634D0F00BE054E /* PostModernPrinciples.swift */; };
		8A7E667826634D0F00BE054E /* PostModernPrinciples.swift in Sources */ = {isa = PBXBuildFile; fileRef = 8A7E667626634D0F00BE054E /* PostModernPrinciples.swift */; };
		8A89477926635E9A004C9177 /* ElementsOfArt.swift in Sources */ = {isa = PBXBuildFile; fileRef = 8A89477826635E9A004C9177 /* ElementsOfArt.swift */; };
		8A89477A26635E9A004C9177 /* ElementsOfArt.swift in Sources */ = {isa = PBXBuildFile; fileRef = 8A89477826635E9A004C9177 /* ElementsOfArt.swift */; };
		8A89477E26635EDE004C9177 /* PurposeOfArt.swift in Sources */ = {isa = PBXBuildFile; fileRef = 8A89477D26635EDE004C9177 /* PurposeOfArt.swift */; };
		8A89477F26635EDE004C9177 /* PurposeOfArt.swift in Sources */ = {isa = PBXBuildFile; fileRef = 8A89477D26635EDE004C9177 /* PurposeOfArt.swift */; };
		8A89478326635F77004C9177 /* PrinciplesOfDesign.swift in Sources */ = {isa = PBXBuildFile; fileRef = 8A89478226635F77004C9177 /* PrinciplesOfDesign.swift */; };
		8A89478426635F77004C9177 /* PrinciplesOfDesign.swift in Sources */ = {isa = PBXBuildFile; fileRef = 8A89478226635F77004C9177 /* PrinciplesOfDesign.swift */; };
		8A89478A26635FF2004C9177 /* CreativeProcess.swift in Sources */ = {isa = PBXBuildFile; fileRef = 8A89478926635FF2004C9177 /* CreativeProcess.swift */; };
		8A89478B26635FF2004C9177 /* CreativeProcess.swift in Sources */ = {isa = PBXBuildFile; fileRef = 8A89478926635FF2004C9177 /* CreativeProcess.swift */; };
		8A894791266360E7004C9177 /* Surrealism.swift in Sources */ = {isa = PBXBuildFile; fileRef = 8A894790266360E7004C9177 /* Surrealism.swift */; };
		8A894792266360E7004C9177 /* Surrealism.swift in Sources */ = {isa = PBXBuildFile; fileRef = 8A894790266360E7004C9177 /* Surrealism.swift */; };
		8A89479626636112004C9177 /* CriticalAnalysisProcess.swift in Sources */ = {isa = PBXBuildFile; fileRef = 8A89479526636112004C9177 /* CriticalAnalysisProcess.swift */; };
		8A89479726636112004C9177 /* CriticalAnalysisProcess.swift in Sources */ = {isa = PBXBuildFile; fileRef = 8A89479526636112004C9177 /* CriticalAnalysisProcess.swift */; };
		8A89479B26636123004C9177 /* GroupOfSeven.swift in Sources */ = {isa = PBXBuildFile; fileRef = 8A89479A26636123004C9177 /* GroupOfSeven.swift */; };
		8A89479C26636123004C9177 /* GroupOfSeven.swift in Sources */ = {isa = PBXBuildFile; fileRef = 8A89479A26636123004C9177 /* GroupOfSeven.swift */; };
		8ACCF28A266607510091F545 /* ArtHistoryDetailView.swift in Sources */ = {isa = PBXBuildFile; fileRef = 8ACCF289266607510091F545 /* ArtHistoryDetailView.swift */; };
		8ACCF28B266607510091F545 /* ArtHistoryDetailView.swift in Sources */ = {isa = PBXBuildFile; fileRef = 8ACCF289266607510091F545 /* ArtHistoryDetailView.swift */; };
		8ACCF2A026661F060091F545 /* ArtPeriod.swift in Sources */ = {isa = PBXBuildFile; fileRef = 8ACCF29F26661F060091F545 /* ArtPeriod.swift */; };
		8ACCF2A126661F060091F545 /* ArtPeriod.swift in Sources */ = {isa = PBXBuildFile; fileRef = 8ACCF29F26661F060091F545 /* ArtPeriod.swift */; };
		8ACCF2A5266620F10091F545 /* ArtPeriods.swift in Sources */ = {isa = PBXBuildFile; fileRef = 8ACCF2A4266620F10091F545 /* ArtPeriods.swift */; };
		8ACCF2A6266620F10091F545 /* ArtPeriods.swift in Sources */ = {isa = PBXBuildFile; fileRef = 8ACCF2A4266620F10091F545 /* ArtPeriods.swift */; };
		8AD23C9C25FFE89F00DFE50F /* SearchBarView.swift in Sources */ = {isa = PBXBuildFile; fileRef = 8AD23C9B25FFE89E00DFE50F /* SearchBarView.swift */; };
		8AD23C9D25FFE89F00DFE50F /* SearchBarView.swift in Sources */ = {isa = PBXBuildFile; fileRef = 8AD23C9B25FFE89E00DFE50F /* SearchBarView.swift */; };
		8ADC8C5825F0789D006D1631 /* ACarousel in Frameworks */ = {isa = PBXBuildFile; productRef = 8ADC8C5725F0789D006D1631 /* ACarousel */; };
		8ADC8C6025F07FCE006D1631 /* ArtistsStore.swift in Sources */ = {isa = PBXBuildFile; fileRef = 8ADC8C5F25F07FCE006D1631 /* ArtistsStore.swift */; };
		8ADC8C6125F07FCE006D1631 /* ArtistsStore.swift in Sources */ = {isa = PBXBuildFile; fileRef = 8ADC8C5F25F07FCE006D1631 /* ArtistsStore.swift */; };
		8AFDC57926D514C000BE2D76 /* SharedFunctionsAndConstants.swift in Sources */ = {isa = PBXBuildFile; fileRef = 8AFDC57826D514C000BE2D76 /* SharedFunctionsAndConstants.swift */; };
		8AFDC57A26D514C000BE2D76 /* SharedFunctionsAndConstants.swift in Sources */ = {isa = PBXBuildFile; fileRef = 8AFDC57826D514C000BE2D76 /* SharedFunctionsAndConstants.swift */; };
		9C024B0C2665B02E00483A32 /* Contributors.swift in Sources */ = {isa = PBXBuildFile; fileRef = 9C024B0B2665B02E00483A32 /* Contributors.swift */; };
		9C024B0D2665B02E00483A32 /* Contributors.swift in Sources */ = {isa = PBXBuildFile; fileRef = 9C024B0B2665B02E00483A32 /* Contributors.swift */; };
		9C85FAB326640EDE0069A55E /* SearchView.swift in Sources */ = {isa = PBXBuildFile; fileRef = 9C85FAB226640EDE0069A55E /* SearchView.swift */; };
		9C85FAB426640EDE0069A55E /* SearchView.swift in Sources */ = {isa = PBXBuildFile; fileRef = 9C85FAB226640EDE0069A55E /* SearchView.swift */; };
		9C85FAB826641FC80069A55E /* InformationPage.swift in Sources */ = {isa = PBXBuildFile; fileRef = 9C85FAB726641FC80069A55E /* InformationPage.swift */; };
		9C85FAB926641FC80069A55E /* InformationPage.swift in Sources */ = {isa = PBXBuildFile; fileRef = 9C85FAB726641FC80069A55E /* InformationPage.swift */; };
		9CA266E22660ADF700378A7F /* MyContentView.swift in Sources */ = {isa = PBXBuildFile; fileRef = 9CA266E12660ADF700378A7F /* MyContentView.swift */; };
		9CA266E72660AE9A00378A7F /* MyContentView.swift in Sources */ = {isa = PBXBuildFile; fileRef = 9CA266E12660ADF700378A7F /* MyContentView.swift */; };
		9CDF44E72655EE560081456B /* Artworks.swift in Sources */ = {isa = PBXBuildFile; fileRef = 9CDF44E62655EE560081456B /* Artworks.swift */; };
		9CDF44E82655EE560081456B /* Artworks.swift in Sources */ = {isa = PBXBuildFile; fileRef = 9CDF44E62655EE560081456B /* Artworks.swift */; };
/* End PBXBuildFile section */

/* Begin PBXFileReference section */
		19080D5A26D0197900465EDC /* Placeholder.swift */ = {isa = PBXFileReference; lastKnownFileType = sourcecode.swift; path = Placeholder.swift; sourceTree = "<group>"; };
		19080D5D26D0662C00465EDC /* DebugPlayground.playground */ = {isa = PBXFileReference; lastKnownFileType = file.playground; path = DebugPlayground.playground; sourceTree = "<group>"; xcLanguageSpecificationIdentifier = xcode.lang.swift; };
		19080D6126D07FFD00465EDC /* ActivityIndicator.swift */ = {isa = PBXFileReference; lastKnownFileType = sourcecode.swift; path = ActivityIndicator.swift; sourceTree = "<group>"; };
		8A1A2A7C25F14105005F6BCA /* NavigationBarColorChange.swift */ = {isa = PBXFileReference; fileEncoding = 4; lastKnownFileType = sourcecode.swift; path = NavigationBarColorChange.swift; sourceTree = "<group>"; };
		8A1A2A8A25F18982005F6BCA /* ArtistDetailView.swift */ = {isa = PBXFileReference; lastKnownFileType = sourcecode.swift; path = ArtistDetailView.swift; sourceTree = "<group>"; };
		8A1A2A9B25F324FA005F6BCA /* LCSArtCommunityView.swift */ = {isa = PBXFileReference; lastKnownFileType = sourcecode.swift; path = LCSArtCommunityView.swift; sourceTree = "<group>"; };
		8A27AB5A2659404E0084CCE6 /* ArtHistoryView.swift */ = {isa = PBXFileReference; lastKnownFileType = sourcecode.swift; path = ArtHistoryView.swift; sourceTree = "<group>"; };
		8A27ABC2265A0D810084CCE6 /* CDSideMenuViewModifiers.swift */ = {isa = PBXFileReference; fileEncoding = 4; lastKnownFileType = sourcecode.swift; path = CDSideMenuViewModifiers.swift; sourceTree = "<group>"; };
		8A27ABC3265A0D810084CCE6 /* CDViewsModifier.swift */ = {isa = PBXFileReference; fileEncoding = 4; lastKnownFileType = sourcecode.swift; path = CDViewsModifier.swift; sourceTree = "<group>"; };
		8A27ABC5265A0D810084CCE6 /* CDSideMenuNotification.swift */ = {isa = PBXFileReference; fileEncoding = 4; lastKnownFileType = sourcecode.swift; path = CDSideMenuNotification.swift; sourceTree = "<group>"; };
		8A27ABC6265A0D810084CCE6 /* CDSideMenuConfiguration.swift */ = {isa = PBXFileReference; fileEncoding = 4; lastKnownFileType = sourcecode.swift; path = CDSideMenuConfiguration.swift; sourceTree = "<group>"; };
		8A27ABC7265A0D810084CCE6 /* CDSideMenuItem.swift */ = {isa = PBXFileReference; fileEncoding = 4; lastKnownFileType = sourcecode.swift; path = CDSideMenuItem.swift; sourceTree = "<group>"; };
		8A27ABC8265A0D810084CCE6 /* CDUserData.swift */ = {isa = PBXFileReference; fileEncoding = 4; lastKnownFileType = sourcecode.swift; path = CDUserData.swift; sourceTree = "<group>"; };
		8A27ABCA265A0D810084CCE6 /* String.swift */ = {isa = PBXFileReference; fileEncoding = 4; lastKnownFileType = sourcecode.swift; path = String.swift; sourceTree = "<group>"; };
		8A27ABCB265A0D810084CCE6 /* Color.swift */ = {isa = PBXFileReference; fileEncoding = 4; lastKnownFileType = sourcecode.swift; path = Color.swift; sourceTree = "<group>"; };
		8A27ABCD265A0D810084CCE6 /* CDSideMenuRow.swift */ = {isa = PBXFileReference; fileEncoding = 4; lastKnownFileType = sourcecode.swift; path = CDSideMenuRow.swift; sourceTree = "<group>"; };
		8A27ABCE265A0D810084CCE6 /* CDSideMenuButton.swift */ = {isa = PBXFileReference; fileEncoding = 4; lastKnownFileType = sourcecode.swift; path = CDSideMenuButton.swift; sourceTree = "<group>"; };
		8A27ABCF265A0D810084CCE6 /* CDSideMenuAccountView.swift */ = {isa = PBXFileReference; fileEncoding = 4; lastKnownFileType = sourcecode.swift; path = CDSideMenuAccountView.swift; sourceTree = "<group>"; };
		8A27ABD0265A0D810084CCE6 /* CDSideMenuItemList.swift */ = {isa = PBXFileReference; fileEncoding = 4; lastKnownFileType = sourcecode.swift; path = CDSideMenuItemList.swift; sourceTree = "<group>"; };
		8A27ABD1265A0D810084CCE6 /* CDSideMenuView.swift */ = {isa = PBXFileReference; fileEncoding = 4; lastKnownFileType = sourcecode.swift; path = CDSideMenuView.swift; sourceTree = "<group>"; };
		8A27ABD2265A0D810084CCE6 /* CDSideMenuMainView.swift */ = {isa = PBXFileReference; fileEncoding = 4; lastKnownFileType = sourcecode.swift; path = CDSideMenuMainView.swift; sourceTree = "<group>"; };
		8A42FEEC25C0550000829CBC /* VirtualGalleryApp.swift */ = {isa = PBXFileReference; lastKnownFileType = sourcecode.swift; path = VirtualGalleryApp.swift; sourceTree = "<group>"; };
		8A42FEEE25C0550500829CBC /* Assets.xcassets */ = {isa = PBXFileReference; lastKnownFileType = folder.assetcatalog; path = Assets.xcassets; sourceTree = "<group>"; };
		8A42FEF325C0550500829CBC /* VirtualGallery.app */ = {isa = PBXFileReference; explicitFileType = wrapper.application; includeInIndex = 0; path = VirtualGallery.app; sourceTree = BUILT_PRODUCTS_DIR; };
		8A42FEF625C0550500829CBC /* Info.plist */ = {isa = PBXFileReference; lastKnownFileType = text.plist.xml; path = Info.plist; sourceTree = "<group>"; };
		8A42FEFB25C0550500829CBC /* VirtualGallery.app */ = {isa = PBXFileReference; explicitFileType = wrapper.application; includeInIndex = 0; path = VirtualGallery.app; sourceTree = BUILT_PRODUCTS_DIR; };
		8A42FEFD25C0550500829CBC /* Info.plist */ = {isa = PBXFileReference; lastKnownFileType = text.plist.xml; path = Info.plist; sourceTree = "<group>"; };
		8A42FEFE25C0550500829CBC /* macOS.entitlements */ = {isa = PBXFileReference; lastKnownFileType = text.plist.entitlements; path = macOS.entitlements; sourceTree = "<group>"; };
		8A42FF1C25C0570300829CBC /* Artwork.swift */ = {isa = PBXFileReference; lastKnownFileType = sourcecode.swift; path = Artwork.swift; sourceTree = "<group>"; };
		8A42FF2825C0596600829CBC /* ArtworkDetail.swift */ = {isa = PBXFileReference; lastKnownFileType = sourcecode.swift; path = ArtworkDetail.swift; sourceTree = "<group>"; };
		8A42FF2F25C05C4500829CBC /* ArtworkStore.swift */ = {isa = PBXFileReference; lastKnownFileType = sourcecode.swift; path = ArtworkStore.swift; sourceTree = "<group>"; };
		8A42FF3E25C3A3F200829CBC /* ArtworksList.swift */ = {isa = PBXFileReference; lastKnownFileType = sourcecode.swift; path = ArtworksList.swift; sourceTree = "<group>"; };
		8A42FF4925C4A15100829CBC /* WorldMap.swift */ = {isa = PBXFileReference; lastKnownFileType = sourcecode.swift; path = WorldMap.swift; sourceTree = "<group>"; };
		8A52CD6F25EDC30A006B6A3D /* ArtistsList.swift */ = {isa = PBXFileReference; lastKnownFileType = sourcecode.swift; path = ArtistsList.swift; sourceTree = "<group>"; };
		8A52CD8125F06791006B6A3D /* Artist.swift */ = {isa = PBXFileReference; lastKnownFileType = sourcecode.swift; path = Artist.swift; sourceTree = "<group>"; };
		8A7E667626634D0F00BE054E /* PostModernPrinciples.swift */ = {isa = PBXFileReference; lastKnownFileType = sourcecode.swift; path = PostModernPrinciples.swift; sourceTree = "<group>"; };
		8A89477826635E9A004C9177 /* ElementsOfArt.swift */ = {isa = PBXFileReference; lastKnownFileType = sourcecode.swift; path = ElementsOfArt.swift; sourceTree = "<group>"; };
		8A89477D26635EDE004C9177 /* PurposeOfArt.swift */ = {isa = PBXFileReference; lastKnownFileType = sourcecode.swift; path = PurposeOfArt.swift; sourceTree = "<group>"; };
		8A89478226635F77004C9177 /* PrinciplesOfDesign.swift */ = {isa = PBXFileReference; lastKnownFileType = sourcecode.swift; path = PrinciplesOfDesign.swift; sourceTree = "<group>"; };
		8A89478926635FF2004C9177 /* CreativeProcess.swift */ = {isa = PBXFileReference; lastKnownFileType = sourcecode.swift; path = CreativeProcess.swift; sourceTree = "<group>"; };
		8A894790266360E7004C9177 /* Surrealism.swift */ = {isa = PBXFileReference; lastKnownFileType = sourcecode.swift; path = Surrealism.swift; sourceTree = "<group>"; };
		8A89479526636112004C9177 /* CriticalAnalysisProcess.swift */ = {isa = PBXFileReference; lastKnownFileType = sourcecode.swift; path = CriticalAnalysisProcess.swift; sourceTree = "<group>"; };
		8A89479A26636123004C9177 /* GroupOfSeven.swift */ = {isa = PBXFileReference; lastKnownFileType = sourcecode.swift; path = GroupOfSeven.swift; sourceTree = "<group>"; };
		8ACCF289266607510091F545 /* ArtHistoryDetailView.swift */ = {isa = PBXFileReference; lastKnownFileType = sourcecode.swift; path = ArtHistoryDetailView.swift; sourceTree = "<group>"; };
		8ACCF29F26661F060091F545 /* ArtPeriod.swift */ = {isa = PBXFileReference; lastKnownFileType = sourcecode.swift; path = ArtPeriod.swift; sourceTree = "<group>"; };
		8ACCF2A4266620F10091F545 /* ArtPeriods.swift */ = {isa = PBXFileReference; lastKnownFileType = sourcecode.swift; path = ArtPeriods.swift; sourceTree = "<group>"; };
		8AD23C9B25FFE89E00DFE50F /* SearchBarView.swift */ = {isa = PBXFileReference; lastKnownFileType = sourcecode.swift; path = SearchBarView.swift; sourceTree = "<group>"; };
		8ADC8C5F25F07FCE006D1631 /* ArtistsStore.swift */ = {isa = PBXFileReference; lastKnownFileType = sourcecode.swift; path = ArtistsStore.swift; sourceTree = "<group>"; };
		8AFDC57826D514C000BE2D76 /* SharedFunctionsAndConstants.swift */ = {isa = PBXFileReference; lastKnownFileType = sourcecode.swift; path = SharedFunctionsAndConstants.swift; sourceTree = "<group>"; };
		9C024B0B2665B02E00483A32 /* Contributors.swift */ = {isa = PBXFileReference; lastKnownFileType = sourcecode.swift; path = Contributors.swift; sourceTree = "<group>"; };
		9C85FAB226640EDE0069A55E /* SearchView.swift */ = {isa = PBXFileReference; lastKnownFileType = sourcecode.swift; path = SearchView.swift; sourceTree = "<group>"; };
		9C85FAB726641FC80069A55E /* InformationPage.swift */ = {isa = PBXFileReference; lastKnownFileType = sourcecode.swift; path = InformationPage.swift; sourceTree = "<group>"; };
		9CA266E12660ADF700378A7F /* MyContentView.swift */ = {isa = PBXFileReference; lastKnownFileType = sourcecode.swift; path = MyContentView.swift; sourceTree = "<group>"; };
		9CDF44E62655EE560081456B /* Artworks.swift */ = {isa = PBXFileReference; lastKnownFileType = sourcecode.swift; path = Artworks.swift; sourceTree = "<group>"; };
/* End PBXFileReference section */

/* Begin PBXFrameworksBuildPhase section */
		8A42FEF025C0550500829CBC /* Frameworks */ = {
			isa = PBXFrameworksBuildPhase;
			buildActionMask = 2147483647;
			files = (
				8ADC8C5825F0789D006D1631 /* ACarousel in Frameworks */,
			);
			runOnlyForDeploymentPostprocessing = 0;
		};
		8A42FEF825C0550500829CBC /* Frameworks */ = {
			isa = PBXFrameworksBuildPhase;
			buildActionMask = 2147483647;
			files = (
			);
			runOnlyForDeploymentPostprocessing = 0;
		};
/* End PBXFrameworksBuildPhase section */

/* Begin PBXGroup section */
		19080D6026D06E8700465EDC /* Debug */ = {
			isa = PBXGroup;
			children = (
				19080D5D26D0662C00465EDC /* DebugPlayground.playground */,
			);
			path = Debug;
			sourceTree = "<group>";
		};
		8A27ABC0265A0D810084CCE6 /* CDSideMenuSrc */ = {
			isa = PBXGroup;
			children = (
				8A27ABC1265A0D810084CCE6 /* Modifiers */,
				8A27ABC4265A0D810084CCE6 /* Models */,
				8A27ABC9265A0D810084CCE6 /* Extensions */,
				8A27ABCC265A0D810084CCE6 /* Views */,
			);
			path = CDSideMenuSrc;
			sourceTree = "<group>";
		};
		8A27ABC1265A0D810084CCE6 /* Modifiers */ = {
			isa = PBXGroup;
			children = (
				8A27ABC2265A0D810084CCE6 /* CDSideMenuViewModifiers.swift */,
				8A27ABC3265A0D810084CCE6 /* CDViewsModifier.swift */,
			);
			path = Modifiers;
			sourceTree = "<group>";
		};
		8A27ABC4265A0D810084CCE6 /* Models */ = {
			isa = PBXGroup;
			children = (
				8A27ABC5265A0D810084CCE6 /* CDSideMenuNotification.swift */,
				8A27ABC6265A0D810084CCE6 /* CDSideMenuConfiguration.swift */,
				8A27ABC7265A0D810084CCE6 /* CDSideMenuItem.swift */,
				8A27ABC8265A0D810084CCE6 /* CDUserData.swift */,
			);
			path = Models;
			sourceTree = "<group>";
		};
		8A27ABC9265A0D810084CCE6 /* Extensions */ = {
			isa = PBXGroup;
			children = (
				8A27ABCA265A0D810084CCE6 /* String.swift */,
				8A27ABCB265A0D810084CCE6 /* Color.swift */,
			);
			path = Extensions;
			sourceTree = "<group>";
		};
		8A27ABCC265A0D810084CCE6 /* Views */ = {
			isa = PBXGroup;
			children = (
				8A27ABCD265A0D810084CCE6 /* CDSideMenuRow.swift */,
				8A27ABCE265A0D810084CCE6 /* CDSideMenuButton.swift */,
				8A27ABCF265A0D810084CCE6 /* CDSideMenuAccountView.swift */,
				8A27ABD0265A0D810084CCE6 /* CDSideMenuItemList.swift */,
				8A27ABD1265A0D810084CCE6 /* CDSideMenuView.swift */,
				8A27ABD2265A0D810084CCE6 /* CDSideMenuMainView.swift */,
			);
			path = Views;
			sourceTree = "<group>";
		};
		8A42FEE625C054FF00829CBC = {
			isa = PBXGroup;
			children = (
				8A42FEEB25C0550000829CBC /* Shared */,
				8A42FEF525C0550500829CBC /* iOS */,
				8A42FEFC25C0550500829CBC /* macOS */,
				8A42FEF425C0550500829CBC /* Products */,
			);
			sourceTree = "<group>";
		};
		8A42FEEB25C0550000829CBC /* Shared */ = {
			isa = PBXGroup;
			children = (
				19080D6026D06E8700465EDC /* Debug */,
				8A42FEEC25C0550000829CBC /* VirtualGalleryApp.swift */,
				8A42FF1025C0555C00829CBC /* Model */,
				8A42FF0F25C0555100829CBC /* View */,
				8A42FEEE25C0550500829CBC /* Assets.xcassets */,
				8A7E66732663476F00BE054E /* Concepts */,
				8A27ABC0265A0D810084CCE6 /* CDSideMenuSrc */,
			);
			path = Shared;
			sourceTree = "<group>";
		};
		8A42FEF425C0550500829CBC /* Products */ = {
			isa = PBXGroup;
			children = (
				8A42FEF325C0550500829CBC /* VirtualGallery.app */,
				8A42FEFB25C0550500829CBC /* VirtualGallery.app */,
			);
			name = Products;
			sourceTree = "<group>";
		};
		8A42FEF525C0550500829CBC /* iOS */ = {
			isa = PBXGroup;
			children = (
				8A42FEF625C0550500829CBC /* Info.plist */,
			);
			path = iOS;
			sourceTree = "<group>";
		};
		8A42FEFC25C0550500829CBC /* macOS */ = {
			isa = PBXGroup;
			children = (
				8A42FEFD25C0550500829CBC /* Info.plist */,
				8A42FEFE25C0550500829CBC /* macOS.entitlements */,
			);
			path = macOS;
			sourceTree = "<group>";
		};
		8A42FF0F25C0555100829CBC /* View */ = {
			isa = PBXGroup;
			children = (
				9CA266E12660ADF700378A7F /* MyContentView.swift */,
				8A42FF3E25C3A3F200829CBC /* ArtworksList.swift */,
				9C85FAB226640EDE0069A55E /* SearchView.swift */,
				8A42FF2825C0596600829CBC /* ArtworkDetail.swift */,
				19080D6126D07FFD00465EDC /* ActivityIndicator.swift */,
				8A52CD6F25EDC30A006B6A3D /* ArtistsList.swift */,
				8A1A2A8A25F18982005F6BCA /* ArtistDetailView.swift */,
				8A42FF4925C4A15100829CBC /* WorldMap.swift */,
				8A1A2A9B25F324FA005F6BCA /* LCSArtCommunityView.swift */,
				8AD23C9B25FFE89E00DFE50F /* SearchBarView.swift */,
				9C85FAB726641FC80069A55E /* InformationPage.swift */,
				9C024B0B2665B02E00483A32 /* Contributors.swift */,
				8A27AB5A2659404E0084CCE6 /* ArtHistoryView.swift */,
				8ACCF289266607510091F545 /* ArtHistoryDetailView.swift */,
				19080D5A26D0197900465EDC /* Placeholder.swift */,
			);
			path = View;
			sourceTree = "<group>";
		};
		8A42FF1025C0555C00829CBC /* Model */ = {
			isa = PBXGroup;
			children = (
				8A42FF1C25C0570300829CBC /* Artwork.swift */,
				9CDF44E62655EE560081456B /* Artworks.swift */,
				8A42FF2F25C05C4500829CBC /* ArtworkStore.swift */,
				8A52CD8125F06791006B6A3D /* Artist.swift */,
				8ADC8C5F25F07FCE006D1631 /* ArtistsStore.swift */,
				8A1A2A7C25F14105005F6BCA /* NavigationBarColorChange.swift */,
				8ACCF29F26661F060091F545 /* ArtPeriod.swift */,
				8ACCF2A4266620F10091F545 /* ArtPeriods.swift */,
				8AFDC57826D514C000BE2D76 /* SharedFunctionsAndConstants.swift */,
			);
			path = Model;
			sourceTree = "<group>";
		};
		8A7E66732663476F00BE054E /* Concepts */ = {
			isa = PBXGroup;
			children = (
				8A89477D26635EDE004C9177 /* PurposeOfArt.swift */,
				8A7E667626634D0F00BE054E /* PostModernPrinciples.swift */,
				8A89477826635E9A004C9177 /* ElementsOfArt.swift */,
				8A89478226635F77004C9177 /* PrinciplesOfDesign.swift */,
				8A89478926635FF2004C9177 /* CreativeProcess.swift */,
				8A894790266360E7004C9177 /* Surrealism.swift */,
				8A89479526636112004C9177 /* CriticalAnalysisProcess.swift */,
				8A89479A26636123004C9177 /* GroupOfSeven.swift */,
			);
			path = Concepts;
			sourceTree = "<group>";
		};
/* End PBXGroup section */

/* Begin PBXNativeTarget section */
		8A42FEF225C0550500829CBC /* VirtualGallery (iOS) */ = {
			isa = PBXNativeTarget;
			buildConfigurationList = 8A42FF0725C0550500829CBC /* Build configuration list for PBXNativeTarget "VirtualGallery (iOS)" */;
			buildPhases = (
				8A42FEEF25C0550500829CBC /* Sources */,
				8A42FEF025C0550500829CBC /* Frameworks */,
				8A42FEF125C0550500829CBC /* Resources */,
			);
			buildRules = (
			);
			dependencies = (
			);
			name = "VirtualGallery (iOS)";
			packageProductDependencies = (
				8ADC8C5725F0789D006D1631 /* ACarousel */,
			);
			productName = "VirtualGallery (iOS)";
			productReference = 8A42FEF325C0550500829CBC /* VirtualGallery.app */;
			productType = "com.apple.product-type.application";
		};
		8A42FEFA25C0550500829CBC /* VirtualGallery (macOS) */ = {
			isa = PBXNativeTarget;
			buildConfigurationList = 8A42FF0A25C0550500829CBC /* Build configuration list for PBXNativeTarget "VirtualGallery (macOS)" */;
			buildPhases = (
				8A42FEF725C0550500829CBC /* Sources */,
				8A42FEF825C0550500829CBC /* Frameworks */,
				8A42FEF925C0550500829CBC /* Resources */,
			);
			buildRules = (
			);
			dependencies = (
			);
			name = "VirtualGallery (macOS)";
			productName = "VirtualGallery (macOS)";
			productReference = 8A42FEFB25C0550500829CBC /* VirtualGallery.app */;
			productType = "com.apple.product-type.application";
		};
/* End PBXNativeTarget section */

/* Begin PBXProject section */
		8A42FEE725C054FF00829CBC /* Project object */ = {
			isa = PBXProject;
			attributes = {
				LastSwiftUpdateCheck = 1230;
				LastUpgradeCheck = 1230;
				TargetAttributes = {
					8A42FEF225C0550500829CBC = {
						CreatedOnToolsVersion = 12.3;
					};
					8A42FEFA25C0550500829CBC = {
						CreatedOnToolsVersion = 12.3;
					};
				};
			};
			buildConfigurationList = 8A42FEEA25C054FF00829CBC /* Build configuration list for PBXProject "VirtualGallery" */;
			compatibilityVersion = "Xcode 9.3";
			developmentRegion = en;
			hasScannedForEncodings = 0;
			knownRegions = (
				en,
				Base,
			);
			mainGroup = 8A42FEE625C054FF00829CBC;
			packageReferences = (
				8ADC8C5625F0789D006D1631 /* XCRemoteSwiftPackageReference "ACarousel" */,
			);
			productRefGroup = 8A42FEF425C0550500829CBC /* Products */;
			projectDirPath = "";
			projectRoot = "";
			targets = (
				8A42FEF225C0550500829CBC /* VirtualGallery (iOS) */,
				8A42FEFA25C0550500829CBC /* VirtualGallery (macOS) */,
			);
		};
/* End PBXProject section */

/* Begin PBXResourcesBuildPhase section */
		8A42FEF125C0550500829CBC /* Resources */ = {
			isa = PBXResourcesBuildPhase;
			buildActionMask = 2147483647;
			files = (
				8A42FF0325C0550500829CBC /* Assets.xcassets in Resources */,
			);
			runOnlyForDeploymentPostprocessing = 0;
		};
		8A42FEF925C0550500829CBC /* Resources */ = {
			isa = PBXResourcesBuildPhase;
			buildActionMask = 2147483647;
			files = (
				8A42FF0425C0550500829CBC /* Assets.xcassets in Resources */,
			);
			runOnlyForDeploymentPostprocessing = 0;
		};
/* End PBXResourcesBuildPhase section */

/* Begin PBXSourcesBuildPhase section */
		8A42FEEF25C0550500829CBC /* Sources */ = {
			isa = PBXSourcesBuildPhase;
			buildActionMask = 2147483647;
			files = (
				8A89479B26636123004C9177 /* GroupOfSeven.swift in Sources */,
				8ADC8C6025F07FCE006D1631 /* ArtistsStore.swift in Sources */,
				8A42FF3025C05C4500829CBC /* ArtworkStore.swift in Sources */,
				8A89477926635E9A004C9177 /* ElementsOfArt.swift in Sources */,
				8A27ABD3265A0D820084CCE6 /* CDSideMenuViewModifiers.swift in Sources */,
				8A42FF4A25C4A15100829CBC /* WorldMap.swift in Sources */,
				8A27ABE9265A0D820084CCE6 /* CDSideMenuItemList.swift in Sources */,
				8A894791266360E7004C9177 /* Surrealism.swift in Sources */,
				8A89477E26635EDE004C9177 /* PurposeOfArt.swift in Sources */,
				8A27AB5B2659404E0084CCE6 /* ArtHistoryView.swift in Sources */,
				8A52CD7025EDC30A006B6A3D /* ArtistsList.swift in Sources */,
				8A27ABE7265A0D820084CCE6 /* CDSideMenuAccountView.swift in Sources */,
				19080D6226D07FFE00465EDC /* ActivityIndicator.swift in Sources */,
				9CA266E22660ADF700378A7F /* MyContentView.swift in Sources */,
				8A42FF1D25C0570300829CBC /* Artwork.swift in Sources */,
				8A1A2A7D25F14105005F6BCA /* NavigationBarColorChange.swift in Sources */,
				8A27ABD9265A0D820084CCE6 /* CDSideMenuConfiguration.swift in Sources */,
				8A89478326635F77004C9177 /* PrinciplesOfDesign.swift in Sources */,
				8A27ABE5265A0D820084CCE6 /* CDSideMenuButton.swift in Sources */,
				8A1A2A8B25F18982005F6BCA /* ArtistDetailView.swift in Sources */,
				8A27ABDD265A0D820084CCE6 /* CDUserData.swift in Sources */,
				9C85FAB326640EDE0069A55E /* SearchView.swift in Sources */,
				9C85FAB826641FC80069A55E /* InformationPage.swift in Sources */,
				8A42FF3F25C3A3F200829CBC /* ArtworksList.swift in Sources */,
				8A42FEFF25C0550500829CBC /* VirtualGalleryApp.swift in Sources */,
				8A27ABD5265A0D820084CCE6 /* CDViewsModifier.swift in Sources */,
				8AFDC57926D514C000BE2D76 /* SharedFunctionsAndConstants.swift in Sources */,
				8A7E667726634D0F00BE054E /* PostModernPrinciples.swift in Sources */,
				19080D5B26D0197900465EDC /* Placeholder.swift in Sources */,
				8A1A2A9C25F324FA005F6BCA /* LCSArtCommunityView.swift in Sources */,
				8ACCF2A026661F060091F545 /* ArtPeriod.swift in Sources */,
				8ACCF2A5266620F10091F545 /* ArtPeriods.swift in Sources */,
				8A52CD8225F06792006B6A3D /* Artist.swift in Sources */,
				8A27ABED265A0D820084CCE6 /* CDSideMenuMainView.swift in Sources */,
				8A27ABE1265A0D820084CCE6 /* Color.swift in Sources */,
				8A27ABE3265A0D820084CCE6 /* CDSideMenuRow.swift in Sources */,
				8A27ABDF265A0D820084CCE6 /* String.swift in Sources */,
				8A89479626636112004C9177 /* CriticalAnalysisProcess.swift in Sources */,
				8A27ABEB265A0D820084CCE6 /* CDSideMenuView.swift in Sources */,
				8AD23C9C25FFE89F00DFE50F /* SearchBarView.swift in Sources */,
				9CDF44E72655EE560081456B /* Artworks.swift in Sources */,
				8A27ABD7265A0D820084CCE6 /* CDSideMenuNotification.swift in Sources */,
				8A42FF2925C0596600829CBC /* ArtworkDetail.swift in Sources */,
				8A89478A26635FF2004C9177 /* CreativeProcess.swift in Sources */,
				8A27ABDB265A0D820084CCE6 /* CDSideMenuItem.swift in Sources */,
				8ACCF28A266607510091F545 /* ArtHistoryDetailView.swift in Sources */,
				9C024B0C2665B02E00483A32 /* Contributors.swift in Sources */,
			);
			runOnlyForDeploymentPostprocessing = 0;
		};
		8A42FEF725C0550500829CBC /* Sources */ = {
			isa = PBXSourcesBuildPhase;
			buildActionMask = 2147483647;
			files = (
				8A89479C26636123004C9177 /* GroupOfSeven.swift in Sources */,
				8ADC8C6125F07FCE006D1631 /* ArtistsStore.swift in Sources */,
				8A42FF3125C05C4500829CBC /* ArtworkStore.swift in Sources */,
				8A89477A26635E9A004C9177 /* ElementsOfArt.swift in Sources */,
				8A27ABD4265A0D820084CCE6 /* CDSideMenuViewModifiers.swift in Sources */,
				8A42FF4B25C4A15100829CBC /* WorldMap.swift in Sources */,
				8A27ABEA265A0D820084CCE6 /* CDSideMenuItemList.swift in Sources */,
				8A894792266360E7004C9177 /* Surrealism.swift in Sources */,
				8A89477F26635EDE004C9177 /* PurposeOfArt.swift in Sources */,
				8A27AB5C2659404E0084CCE6 /* ArtHistoryView.swift in Sources */,
				8A52CD7125EDC30A006B6A3D /* ArtistsList.swift in Sources */,
				8A27ABE8265A0D820084CCE6 /* CDSideMenuAccountView.swift in Sources */,
				19080D6326D07FFE00465EDC /* ActivityIndicator.swift in Sources */,
				9CA266E72660AE9A00378A7F /* MyContentView.swift in Sources */,
				8A42FF1E25C0570300829CBC /* Artwork.swift in Sources */,
				8A1A2A7E25F14105005F6BCA /* NavigationBarColorChange.swift in Sources */,
				8A27ABDA265A0D820084CCE6 /* CDSideMenuConfiguration.swift in Sources */,
				8A89478426635F77004C9177 /* PrinciplesOfDesign.swift in Sources */,
				8A27ABE6265A0D820084CCE6 /* CDSideMenuButton.swift in Sources */,
				8A1A2A8C25F18982005F6BCA /* ArtistDetailView.swift in Sources */,
				8A27ABDE265A0D820084CCE6 /* CDUserData.swift in Sources */,
				9C85FAB426640EDE0069A55E /* SearchView.swift in Sources */,
				9C85FAB926641FC80069A55E /* InformationPage.swift in Sources */,
				8A42FF4025C3A3F300829CBC /* ArtworksList.swift in Sources */,
				8A42FF0025C0550500829CBC /* VirtualGalleryApp.swift in Sources */,
				8A27ABD6265A0D820084CCE6 /* CDViewsModifier.swift in Sources */,
				8AFDC57A26D514C000BE2D76 /* SharedFunctionsAndConstants.swift in Sources */,
				8A7E667826634D0F00BE054E /* PostModernPrinciples.swift in Sources */,
				19080D5C26D0197900465EDC /* Placeholder.swift in Sources */,
				8A1A2A9D25F324FA005F6BCA /* LCSArtCommunityView.swift in Sources */,
				8ACCF2A126661F060091F545 /* ArtPeriod.swift in Sources */,
				8ACCF2A6266620F10091F545 /* ArtPeriods.swift in Sources */,
				8A52CD8325F06792006B6A3D /* Artist.swift in Sources */,
				8A27ABEE265A0D820084CCE6 /* CDSideMenuMainView.swift in Sources */,
				8A27ABE2265A0D820084CCE6 /* Color.swift in Sources */,
				8A27ABE4265A0D820084CCE6 /* CDSideMenuRow.swift in Sources */,
				8A27ABE0265A0D820084CCE6 /* String.swift in Sources */,
				8A89479726636112004C9177 /* CriticalAnalysisProcess.swift in Sources */,
				8A27ABEC265A0D820084CCE6 /* CDSideMenuView.swift in Sources */,
				8AD23C9D25FFE89F00DFE50F /* SearchBarView.swift in Sources */,
				9CDF44E82655EE560081456B /* Artworks.swift in Sources */,
				8A27ABD8265A0D820084CCE6 /* CDSideMenuNotification.swift in Sources */,
				8A42FF2A25C0596600829CBC /* ArtworkDetail.swift in Sources */,
				8A89478B26635FF2004C9177 /* CreativeProcess.swift in Sources */,
				8A27ABDC265A0D820084CCE6 /* CDSideMenuItem.swift in Sources */,
				8ACCF28B266607510091F545 /* ArtHistoryDetailView.swift in Sources */,
				9C024B0D2665B02E00483A32 /* Contributors.swift in Sources */,
			);
			runOnlyForDeploymentPostprocessing = 0;
		};
/* End PBXSourcesBuildPhase section */

/* Begin XCBuildConfiguration section */
		8A42FF0525C0550500829CBC /* Debug */ = {
			isa = XCBuildConfiguration;
			buildSettings = {
				ALWAYS_SEARCH_USER_PATHS = NO;
				CLANG_ANALYZER_NONNULL = YES;
				CLANG_ANALYZER_NUMBER_OBJECT_CONVERSION = YES_AGGRESSIVE;
				CLANG_CXX_LANGUAGE_STANDARD = "gnu++14";
				CLANG_CXX_LIBRARY = "libc++";
				CLANG_ENABLE_MODULES = YES;
				CLANG_ENABLE_OBJC_ARC = YES;
				CLANG_ENABLE_OBJC_WEAK = YES;
				CLANG_WARN_BLOCK_CAPTURE_AUTORELEASING = YES;
				CLANG_WARN_BOOL_CONVERSION = YES;
				CLANG_WARN_COMMA = YES;
				CLANG_WARN_CONSTANT_CONVERSION = YES;
				CLANG_WARN_DEPRECATED_OBJC_IMPLEMENTATIONS = YES;
				CLANG_WARN_DIRECT_OBJC_ISA_USAGE = YES_ERROR;
				CLANG_WARN_DOCUMENTATION_COMMENTS = YES;
				CLANG_WARN_EMPTY_BODY = YES;
				CLANG_WARN_ENUM_CONVERSION = YES;
				CLANG_WARN_INFINITE_RECURSION = YES;
				CLANG_WARN_INT_CONVERSION = YES;
				CLANG_WARN_NON_LITERAL_NULL_CONVERSION = YES;
				CLANG_WARN_OBJC_IMPLICIT_RETAIN_SELF = YES;
				CLANG_WARN_OBJC_LITERAL_CONVERSION = YES;
				CLANG_WARN_OBJC_ROOT_CLASS = YES_ERROR;
				CLANG_WARN_QUOTED_INCLUDE_IN_FRAMEWORK_HEADER = YES;
				CLANG_WARN_RANGE_LOOP_ANALYSIS = YES;
				CLANG_WARN_STRICT_PROTOTYPES = YES;
				CLANG_WARN_SUSPICIOUS_MOVE = YES;
				CLANG_WARN_UNGUARDED_AVAILABILITY = YES_AGGRESSIVE;
				CLANG_WARN_UNREACHABLE_CODE = YES;
				CLANG_WARN__DUPLICATE_METHOD_MATCH = YES;
				COPY_PHASE_STRIP = NO;
				DEBUG_INFORMATION_FORMAT = dwarf;
				ENABLE_STRICT_OBJC_MSGSEND = YES;
				ENABLE_TESTABILITY = YES;
				GCC_C_LANGUAGE_STANDARD = gnu11;
				GCC_DYNAMIC_NO_PIC = NO;
				GCC_NO_COMMON_BLOCKS = YES;
				GCC_OPTIMIZATION_LEVEL = 0;
				GCC_PREPROCESSOR_DEFINITIONS = (
					"DEBUG=1",
					"$(inherited)",
				);
				GCC_WARN_64_TO_32_BIT_CONVERSION = YES;
				GCC_WARN_ABOUT_RETURN_TYPE = YES_ERROR;
				GCC_WARN_UNDECLARED_SELECTOR = YES;
				GCC_WARN_UNINITIALIZED_AUTOS = YES_AGGRESSIVE;
				GCC_WARN_UNUSED_FUNCTION = YES;
				GCC_WARN_UNUSED_VARIABLE = YES;
				MTL_ENABLE_DEBUG_INFO = INCLUDE_SOURCE;
				MTL_FAST_MATH = YES;
				ONLY_ACTIVE_ARCH = YES;
				SWIFT_ACTIVE_COMPILATION_CONDITIONS = DEBUG;
				SWIFT_OPTIMIZATION_LEVEL = "-Onone";
			};
			name = Debug;
		};
		8A42FF0625C0550500829CBC /* Release */ = {
			isa = XCBuildConfiguration;
			buildSettings = {
				ALWAYS_SEARCH_USER_PATHS = NO;
				CLANG_ANALYZER_NONNULL = YES;
				CLANG_ANALYZER_NUMBER_OBJECT_CONVERSION = YES_AGGRESSIVE;
				CLANG_CXX_LANGUAGE_STANDARD = "gnu++14";
				CLANG_CXX_LIBRARY = "libc++";
				CLANG_ENABLE_MODULES = YES;
				CLANG_ENABLE_OBJC_ARC = YES;
				CLANG_ENABLE_OBJC_WEAK = YES;
				CLANG_WARN_BLOCK_CAPTURE_AUTORELEASING = YES;
				CLANG_WARN_BOOL_CONVERSION = YES;
				CLANG_WARN_COMMA = YES;
				CLANG_WARN_CONSTANT_CONVERSION = YES;
				CLANG_WARN_DEPRECATED_OBJC_IMPLEMENTATIONS = YES;
				CLANG_WARN_DIRECT_OBJC_ISA_USAGE = YES_ERROR;
				CLANG_WARN_DOCUMENTATION_COMMENTS = YES;
				CLANG_WARN_EMPTY_BODY = YES;
				CLANG_WARN_ENUM_CONVERSION = YES;
				CLANG_WARN_INFINITE_RECURSION = YES;
				CLANG_WARN_INT_CONVERSION = YES;
				CLANG_WARN_NON_LITERAL_NULL_CONVERSION = YES;
				CLANG_WARN_OBJC_IMPLICIT_RETAIN_SELF = YES;
				CLANG_WARN_OBJC_LITERAL_CONVERSION = YES;
				CLANG_WARN_OBJC_ROOT_CLASS = YES_ERROR;
				CLANG_WARN_QUOTED_INCLUDE_IN_FRAMEWORK_HEADER = YES;
				CLANG_WARN_RANGE_LOOP_ANALYSIS = YES;
				CLANG_WARN_STRICT_PROTOTYPES = YES;
				CLANG_WARN_SUSPICIOUS_MOVE = YES;
				CLANG_WARN_UNGUARDED_AVAILABILITY = YES_AGGRESSIVE;
				CLANG_WARN_UNREACHABLE_CODE = YES;
				CLANG_WARN__DUPLICATE_METHOD_MATCH = YES;
				COPY_PHASE_STRIP = NO;
				DEBUG_INFORMATION_FORMAT = "dwarf-with-dsym";
				ENABLE_NS_ASSERTIONS = NO;
				ENABLE_STRICT_OBJC_MSGSEND = YES;
				GCC_C_LANGUAGE_STANDARD = gnu11;
				GCC_NO_COMMON_BLOCKS = YES;
				GCC_WARN_64_TO_32_BIT_CONVERSION = YES;
				GCC_WARN_ABOUT_RETURN_TYPE = YES_ERROR;
				GCC_WARN_UNDECLARED_SELECTOR = YES;
				GCC_WARN_UNINITIALIZED_AUTOS = YES_AGGRESSIVE;
				GCC_WARN_UNUSED_FUNCTION = YES;
				GCC_WARN_UNUSED_VARIABLE = YES;
				MTL_ENABLE_DEBUG_INFO = NO;
				MTL_FAST_MATH = YES;
				SWIFT_COMPILATION_MODE = wholemodule;
				SWIFT_OPTIMIZATION_LEVEL = "-O";
			};
			name = Release;
		};
		8A42FF0825C0550500829CBC /* Debug */ = {
			isa = XCBuildConfiguration;
			buildSettings = {
				ASSETCATALOG_COMPILER_APPICON_NAME = AppIcon;
				ASSETCATALOG_COMPILER_GLOBAL_ACCENT_COLOR_NAME = AccentColor;
				CODE_SIGN_STYLE = Automatic;
				DEVELOPMENT_TEAM = ZXWBUY9FJ7;
				ENABLE_PREVIEWS = YES;
				INFOPLIST_FILE = iOS/Info.plist;
				IPHONEOS_DEPLOYMENT_TARGET = 14.0;
				LD_RUNPATH_SEARCH_PATHS = (
					"$(inherited)",
					"@executable_path/Frameworks",
				);
				PRODUCT_BUNDLE_IDENTIFIER = ca.wu.james.VirtualGallery;
				PRODUCT_NAME = VirtualGallery;
				SDKROOT = iphoneos;
				SWIFT_VERSION = 5.0;
				TARGETED_DEVICE_FAMILY = "1,2";
			};
			name = Debug;
		};
		8A42FF0925C0550500829CBC /* Release */ = {
			isa = XCBuildConfiguration;
			buildSettings = {
				ASSETCATALOG_COMPILER_APPICON_NAME = AppIcon;
				ASSETCATALOG_COMPILER_GLOBAL_ACCENT_COLOR_NAME = AccentColor;
				CODE_SIGN_STYLE = Automatic;
				DEVELOPMENT_TEAM = ZXWBUY9FJ7;
				ENABLE_PREVIEWS = YES;
				INFOPLIST_FILE = iOS/Info.plist;
				IPHONEOS_DEPLOYMENT_TARGET = 14.0;
				LD_RUNPATH_SEARCH_PATHS = (
					"$(inherited)",
					"@executable_path/Frameworks",
				);
				PRODUCT_BUNDLE_IDENTIFIER = ca.wu.james.VirtualGallery;
				PRODUCT_NAME = VirtualGallery;
				SDKROOT = iphoneos;
				SWIFT_VERSION = 5.0;
				TARGETED_DEVICE_FAMILY = "1,2";
				VALIDATE_PRODUCT = YES;
			};
			name = Release;
		};
		8A42FF0B25C0550500829CBC /* Debug */ = {
			isa = XCBuildConfiguration;
			buildSettings = {
				ASSETCATALOG_COMPILER_APPICON_NAME = AppIcon;
				ASSETCATALOG_COMPILER_GLOBAL_ACCENT_COLOR_NAME = AccentColor;
				CODE_SIGN_ENTITLEMENTS = macOS/macOS.entitlements;
				CODE_SIGN_STYLE = Automatic;
				COMBINE_HIDPI_IMAGES = YES;
				DEVELOPMENT_TEAM = ZXWBUY9FJ7;
				ENABLE_HARDENED_RUNTIME = YES;
				ENABLE_PREVIEWS = YES;
				INFOPLIST_FILE = macOS/Info.plist;
				LD_RUNPATH_SEARCH_PATHS = (
					"$(inherited)",
					"@executable_path/../Frameworks",
				);
				MACOSX_DEPLOYMENT_TARGET = 11.0;
				PRODUCT_BUNDLE_IDENTIFIER = ca.wu.james.VirtualGallery;
				PRODUCT_NAME = VirtualGallery;
				SDKROOT = macosx;
				SWIFT_VERSION = 5.0;
			};
			name = Debug;
		};
		8A42FF0C25C0550500829CBC /* Release */ = {
			isa = XCBuildConfiguration;
			buildSettings = {
				ASSETCATALOG_COMPILER_APPICON_NAME = AppIcon;
				ASSETCATALOG_COMPILER_GLOBAL_ACCENT_COLOR_NAME = AccentColor;
				CODE_SIGN_ENTITLEMENTS = macOS/macOS.entitlements;
				CODE_SIGN_STYLE = Automatic;
				COMBINE_HIDPI_IMAGES = YES;
				DEVELOPMENT_TEAM = ZXWBUY9FJ7;
				ENABLE_HARDENED_RUNTIME = YES;
				ENABLE_PREVIEWS = YES;
				INFOPLIST_FILE = macOS/Info.plist;
				LD_RUNPATH_SEARCH_PATHS = (
					"$(inherited)",
					"@executable_path/../Frameworks",
				);
				MACOSX_DEPLOYMENT_TARGET = 11.0;
				PRODUCT_BUNDLE_IDENTIFIER = ca.wu.james.VirtualGallery;
				PRODUCT_NAME = VirtualGallery;
				SDKROOT = macosx;
				SWIFT_VERSION = 5.0;
			};
			name = Release;
		};
/* End XCBuildConfiguration section */

/* Begin XCConfigurationList section */
		8A42FEEA25C054FF00829CBC /* Build configuration list for PBXProject "VirtualGallery" */ = {
			isa = XCConfigurationList;
			buildConfigurations = (
				8A42FF0525C0550500829CBC /* Debug */,
				8A42FF0625C0550500829CBC /* Release */,
			);
			defaultConfigurationIsVisible = 0;
			defaultConfigurationName = Release;
		};
		8A42FF0725C0550500829CBC /* Build configuration list for PBXNativeTarget "VirtualGallery (iOS)" */ = {
			isa = XCConfigurationList;
			buildConfigurations = (
				8A42FF0825C0550500829CBC /* Debug */,
				8A42FF0925C0550500829CBC /* Release */,
			);
			defaultConfigurationIsVisible = 0;
			defaultConfigurationName = Release;
		};
		8A42FF0A25C0550500829CBC /* Build configuration list for PBXNativeTarget "VirtualGallery (macOS)" */ = {
			isa = XCConfigurationList;
			buildConfigurations = (
				8A42FF0B25C0550500829CBC /* Debug */,
				8A42FF0C25C0550500829CBC /* Release */,
			);
			defaultConfigurationIsVisible = 0;
			defaultConfigurationName = Release;
		};
/* End XCConfigurationList section */

/* Begin XCRemoteSwiftPackageReference section */
		8ADC8C5625F0789D006D1631 /* XCRemoteSwiftPackageReference "ACarousel" */ = {
			isa = XCRemoteSwiftPackageReference;
			repositoryURL = "https://github.com/JWAutumn/ACarousel";
			requirement = {
				kind = upToNextMajorVersion;
				minimumVersion = 0.2.0;
			};
		};
/* End XCRemoteSwiftPackageReference section */

/* Begin XCSwiftPackageProductDependency section */
		8ADC8C5725F0789D006D1631 /* ACarousel */ = {
			isa = XCSwiftPackageProductDependency;
			package = 8ADC8C5625F0789D006D1631 /* XCRemoteSwiftPackageReference "ACarousel" */;
			productName = ACarousel;
		};
/* End XCSwiftPackageProductDependency section */
	};
	rootObject = 8A42FEE725C054FF00829CBC /* Project object */;
}
